
Microsoft Visual Studio Solution File, Format Version 11.00
# Visual Studio 2010
Project("{FAE04EC0-301F-11D3-BF4B-00C04F79EFBC}") = "trk", "trackvisualizer\trk.csproj", "{044C8691-8390-40C2-A778-D7B9A2ACA722}"
EndProject
Global
	GlobalSection(SolutionConfigurationPlatforms) = preSolution
		Debug|Any CPU = Debug|Any CPU
		Release|Any CPU = Release|Any CPU
	EndGlobalSection
	GlobalSection(ProjectConfigurationPlatforms) = postSolution
		{044C8691-8390-40C2-A778-D7B9A2ACA722}.Debug|Any CPU.ActiveCfg = Debug|Any CPU
		{044C8691-8390-40C2-A778-D7B9A2ACA722}.Debug|Any CPU.Build.0 = Debug|Any CPU
		{044C8691-8390-40C2-A778-D7B9A2ACA722}.Release|Any CPU.ActiveCfg = Release|Any CPU
		{044C8691-8390-40C2-A778-D7B9A2ACA722}.Release|Any CPU.Build.0 = Release|Any CPU
	EndGlobalSection
	GlobalSection(SolutionProperties) = preSolution
		HideSolutionNode = FALSE
	EndGlobalSection
EndGlobal
